
Microsoft Visual Studio Solution File, Format Version 12.00
# Visual Studio 15
VisualStudioVersion = 15.0.26228.9
MinimumVisualStudioVersion = 10.0.40219.1
Project("{2150E333-8FDC-42A3-9474-1A3956D46DE8}") = ".nuget", ".nuget", "{79C9610B-1DFE-4632-AF62-050073BA3E85}"
	ProjectSection(SolutionItems) = preProject
		.nuget\NuGet.Config = .nuget\NuGet.Config
		.nuget\NuGet.exe = .nuget\NuGet.exe
		.nuget\NuGet.targets = .nuget\NuGet.targets
	EndProjectSection
EndProject
Project("{FAE04EC0-301F-11D3-BF4B-00C04F79EFBC}") = "Beyova.RestApiPortal", "Beyova.RestApiPortal\Beyova.RestApiPortal.csproj", "{17024F7C-6B02-4498-8798-614B54FD37D4}"
EndProject
Project("{FAE04EC0-301F-11D3-BF4B-00C04F79EFBC}") = "Beyova.Utility", "Beyova.Utility\Beyova.Utility.csproj", "{68C75D3E-195C-4CD7-9F0C-A7AB3830FC4B}"
EndProject
Project("{FAE04EC0-301F-11D3-BF4B-00C04F79EFBC}") = "Beyova.Common", "Beyova.Common\Beyova.Common.csproj", "{9C5A58FF-8F44-451F-9698-2FE2E3F2E7DE}"
EndProject
Project("{FAE04EC0-301F-11D3-BF4B-00C04F79EFBC}") = "Beyova.AzureExtension", "Beyova.AzureExtension\Beyova.AzureExtension.csproj", "{17D71314-F555-4CBB-9C42-4C54FA5EB0DD}"
EndProject
Project("{FAE04EC0-301F-11D3-BF4B-00C04F79EFBC}") = "Beyova.WebExtension", "Beyova.WebExtension\Beyova.WebExtension.csproj", "{7ED3C3F5-FB77-4E3F-BD02-E6C11E165A92}"
EndProject
Project("{FAE04EC0-301F-11D3-BF4B-00C04F79EFBC}") = "Beyova.Common.UnitTest", "Beyova.Common.UnitTest\Beyova.Common.UnitTest.csproj", "{0933355D-D4B6-405C-B442-C8F6E0A26D37}"
EndProject
Project("{FAE04EC0-301F-11D3-BF4B-00C04F79EFBC}") = "Beyova.Elastic", "Beyova.Elastic\Beyova.Elastic.csproj", "{BDFD06DA-0CE3-426B-927E-8BD99152DE9F}"
EndProject
Project("{FAE04EC0-301F-11D3-BF4B-00C04F79EFBC}") = "Beyova.ProgrammingIntelligence", "Beyova.ProgrammingIntelligence\Beyova.ProgrammingIntelligence.csproj", "{850BB9DE-3075-47F6-BD44-829B27CAAEB1}"
EndProject
Global
	GlobalSection(SolutionConfigurationPlatforms) = preSolution
		Debug|Any CPU = Debug|Any CPU
		Release|Any CPU = Release|Any CPU
	EndGlobalSection
	GlobalSection(ProjectConfigurationPlatforms) = postSolution
		{17024F7C-6B02-4498-8798-614B54FD37D4}.Debug|Any CPU.ActiveCfg = Debug|Any CPU
		{17024F7C-6B02-4498-8798-614B54FD37D4}.Debug|Any CPU.Build.0 = Debug|Any CPU
		{17024F7C-6B02-4498-8798-614B54FD37D4}.Release|Any CPU.ActiveCfg = Release|Any CPU
		{17024F7C-6B02-4498-8798-614B54FD37D4}.Release|Any CPU.Build.0 = Release|Any CPU
		{68C75D3E-195C-4CD7-9F0C-A7AB3830FC4B}.Debug|Any CPU.ActiveCfg = Debug|Any CPU
		{68C75D3E-195C-4CD7-9F0C-A7AB3830FC4B}.Debug|Any CPU.Build.0 = Debug|Any CPU
		{68C75D3E-195C-4CD7-9F0C-A7AB3830FC4B}.Release|Any CPU.ActiveCfg = Release|Any CPU
		{68C75D3E-195C-4CD7-9F0C-A7AB3830FC4B}.Release|Any CPU.Build.0 = Release|Any CPU
		{9C5A58FF-8F44-451F-9698-2FE2E3F2E7DE}.Debug|Any CPU.ActiveCfg = Debug|Any CPU
		{9C5A58FF-8F44-451F-9698-2FE2E3F2E7DE}.Debug|Any CPU.Build.0 = Debug|Any CPU
		{9C5A58FF-8F44-451F-9698-2FE2E3F2E7DE}.Release|Any CPU.ActiveCfg = Release|Any CPU
		{9C5A58FF-8F44-451F-9698-2FE2E3F2E7DE}.Release|Any CPU.Build.0 = Release|Any CPU
		{17D71314-F555-4CBB-9C42-4C54FA5EB0DD}.Debug|Any CPU.ActiveCfg = Debug|Any CPU
		{17D71314-F555-4CBB-9C42-4C54FA5EB0DD}.Debug|Any CPU.Build.0 = Debug|Any CPU
		{17D71314-F555-4CBB-9C42-4C54FA5EB0DD}.Release|Any CPU.ActiveCfg = Release|Any CPU
		{17D71314-F555-4CBB-9C42-4C54FA5EB0DD}.Release|Any CPU.Build.0 = Release|Any CPU
		{7ED3C3F5-FB77-4E3F-BD02-E6C11E165A92}.Debug|Any CPU.ActiveCfg = Debug|Any CPU
		{7ED3C3F5-FB77-4E3F-BD02-E6C11E165A92}.Debug|Any CPU.Build.0 = Debug|Any CPU
		{7ED3C3F5-FB77-4E3F-BD02-E6C11E165A92}.Release|Any CPU.ActiveCfg = Release|Any CPU
		{7ED3C3F5-FB77-4E3F-BD02-E6C11E165A92}.Release|Any CPU.Build.0 = Release|Any CPU
		{0933355D-D4B6-405C-B442-C8F6E0A26D37}.Debug|Any CPU.ActiveCfg = Debug|Any CPU
		{0933355D-D4B6-405C-B442-C8F6E0A26D37}.Debug|Any CPU.Build.0 = Debug|Any CPU
		{0933355D-D4B6-405C-B442-C8F6E0A26D37}.Release|Any CPU.ActiveCfg = Release|Any CPU
		{0933355D-D4B6-405C-B442-C8F6E0A26D37}.Release|Any CPU.Build.0 = Release|Any CPU
		{BDFD06DA-0CE3-426B-927E-8BD99152DE9F}.Debug|Any CPU.ActiveCfg = Debug|Any CPU
		{BDFD06DA-0CE3-426B-927E-8BD99152DE9F}.Debug|Any CPU.Build.0 = Debug|Any CPU
		{BDFD06DA-0CE3-426B-927E-8BD99152DE9F}.Release|Any CPU.ActiveCfg = Release|Any CPU
		{BDFD06DA-0CE3-426B-927E-8BD99152DE9F}.Release|Any CPU.Build.0 = Release|Any CPU
		{850BB9DE-3075-47F6-BD44-829B27CAAEB1}.Debug|Any CPU.ActiveCfg = Debug|Any CPU
		{850BB9DE-3075-47F6-BD44-829B27CAAEB1}.Debug|Any CPU.Build.0 = Debug|Any CPU
		{850BB9DE-3075-47F6-BD44-829B27CAAEB1}.Release|Any CPU.ActiveCfg = Release|Any CPU
		{850BB9DE-3075-47F6-BD44-829B27CAAEB1}.Release|Any CPU.Build.0 = Release|Any CPU
	EndGlobalSection
	GlobalSection(SolutionProperties) = preSolution
		HideSolutionNode = FALSE
	EndGlobalSection
EndGlobal
